// !$*UTF8*$!
{
	archiveVersion = 1;
	classes = {
	};
	objectVersion = 50;
	objects = {

/* Begin PBXBuildFile section */
		850380772380330200E14BB3 /* CustomTextfield.swift in Sources */ = {isa = PBXBuildFile; fileRef = 850380762380330200E14BB3 /* CustomTextfield.swift */; };
		850380792381A37F00E14BB3 /* Constants.swift in Sources */ = {isa = PBXBuildFile; fileRef = 850380782381A37F00E14BB3 /* Constants.swift */; };
		8569B9E02391AAD2004707A2 /* ToursSelectionVC.swift in Sources */ = {isa = PBXBuildFile; fileRef = 8569B9DF2391AAD2004707A2 /* ToursSelectionVC.swift */; };
		858A5620237AFCF100624FB8 /* DataService.swift in Sources */ = {isa = PBXBuildFile; fileRef = 858A561F237AFCF100624FB8 /* DataService.swift */; };
		858A5624237B1E3500624FB8 /* AddReservationVC.swift in Sources */ = {isa = PBXBuildFile; fileRef = 858A5623237B1E3500624FB8 /* AddReservationVC.swift */; };
		85D18A1F236F040C00F06441 /* AppDelegate.swift in Sources */ = {isa = PBXBuildFile; fileRef = 85D18A1E236F040C00F06441 /* AppDelegate.swift */; };
		85D18A21236F040C00F06441 /* SceneDelegate.swift in Sources */ = {isa = PBXBuildFile; fileRef = 85D18A20236F040C00F06441 /* SceneDelegate.swift */; };
		85D18A28236F040D00F06441 /* Assets.xcassets in Resources */ = {isa = PBXBuildFile; fileRef = 85D18A27236F040D00F06441 /* Assets.xcassets */; };
		85D18A2B236F040D00F06441 /* LaunchScreen.storyboard in Resources */ = {isa = PBXBuildFile; fileRef = 85D18A29236F040D00F06441 /* LaunchScreen.storyboard */; };
		85D18A38236F05B900F06441 /* ContainerVC.swift in Sources */ = {isa = PBXBuildFile; fileRef = 85D18A37236F05B900F06441 /* ContainerVC.swift */; };
		85D18A3A236F05C400F06441 /* HomeVC.swift in Sources */ = {isa = PBXBuildFile; fileRef = 85D18A39236F05C400F06441 /* HomeVC.swift */; };
		85D18A3C236F05CF00F06441 /* MenuVC.swift in Sources */ = {isa = PBXBuildFile; fileRef = 85D18A3B236F05CF00F06441 /* MenuVC.swift */; };
		85D18A3E236F165900F06441 /* Protocols.swift in Sources */ = {isa = PBXBuildFile; fileRef = 85D18A3D236F165900F06441 /* Protocols.swift */; };
		85D18A40236F29A100F06441 /* MenuOptionCell.swift in Sources */ = {isa = PBXBuildFile; fileRef = 85D18A3F236F29A100F06441 /* MenuOptionCell.swift */; };
		85D18A4223707ADD00F06441 /* MenuOption.swift in Sources */ = {isa = PBXBuildFile; fileRef = 85D18A4123707ADD00F06441 /* MenuOption.swift */; };
		85D18A442371BAC700F06441 /* WaiverVC.swift in Sources */ = {isa = PBXBuildFile; fileRef = 85D18A432371BAC700F06441 /* WaiverVC.swift */; };
		85D18A482375B05700F06441 /* LoginVC.swift in Sources */ = {isa = PBXBuildFile; fileRef = 85D18A472375B05700F06441 /* LoginVC.swift */; };
		85D18A4A2375B23700F06441 /* Extensions.swift in Sources */ = {isa = PBXBuildFile; fileRef = 85D18A492375B23700F06441 /* Extensions.swift */; };
		85D18A4C2377049A00F06441 /* SignUpVC.swift in Sources */ = {isa = PBXBuildFile; fileRef = 85D18A4B2377049A00F06441 /* SignUpVC.swift */; };
		85D18A4E2377107F00F06441 /* GoogleService-Info.plist in Resources */ = {isa = PBXBuildFile; fileRef = 85D18A4D2377107F00F06441 /* GoogleService-Info.plist */; };
		85F5C76423958F3600BDBA25 /* Alert.swift in Sources */ = {isa = PBXBuildFile; fileRef = 85F5C76323958F3600BDBA25 /* Alert.swift */; };
		85F932DC239BF3BB00549000 /* UIbuttonExt.swift in Sources */ = {isa = PBXBuildFile; fileRef = 85F932DB239BF3BB00549000 /* UIbuttonExt.swift */; };
		85F932DE239BF3CA00549000 /* UIViewExt.swift in Sources */ = {isa = PBXBuildFile; fileRef = 85F932DD239BF3CA00549000 /* UIViewExt.swift */; };
		85F932E0239BF3DF00549000 /* UITextfieldExt.swift in Sources */ = {isa = PBXBuildFile; fileRef = 85F932DF239BF3DF00549000 /* UITextfieldExt.swift */; };
		85F932E2239BF45100549000 /* UIStackviewExt.swift in Sources */ = {isa = PBXBuildFile; fileRef = 85F932E1239BF45100549000 /* UIStackviewExt.swift */; };
		85F932E4239BF47100549000 /* UIColorExt.swift in Sources */ = {isa = PBXBuildFile; fileRef = 85F932E3239BF47100549000 /* UIColorExt.swift */; };
		85F932E6239BF4A600549000 /* ArrayExt.swift in Sources */ = {isa = PBXBuildFile; fileRef = 85F932E5239BF4A600549000 /* ArrayExt.swift */; };
		9B0AAB812486455CFAED8C0B /* Pods_Jamwest_Reservation.framework in Frameworks */ = {isa = PBXBuildFile; fileRef = 8FE97277E735E003B8403E3D /* Pods_Jamwest_Reservation.framework */; };
/* End PBXBuildFile section */

/* Begin PBXFileReference section */
		30254A40F3AF3A74412A7DFC /* Pods-Jamwest Reservation.release.xcconfig */ = {isa = PBXFileReference; includeInIndex = 1; lastKnownFileType = text.xcconfig; name = "Pods-Jamwest Reservation.release.xcconfig"; path = "Target Support Files/Pods-Jamwest Reservation/Pods-Jamwest Reservation.release.xcconfig"; sourceTree = "<group>"; };
		850380762380330200E14BB3 /* CustomTextfield.swift */ = {isa = PBXFileReference; lastKnownFileType = sourcecode.swift; path = CustomTextfield.swift; sourceTree = "<group>"; };
		850380782381A37F00E14BB3 /* Constants.swift */ = {isa = PBXFileReference; lastKnownFileType = sourcecode.swift; path = Constants.swift; sourceTree = "<group>"; };
		8569B9DF2391AAD2004707A2 /* ToursSelectionVC.swift */ = {isa = PBXFileReference; lastKnownFileType = sourcecode.swift; path = ToursSelectionVC.swift; sourceTree = "<group>"; };
		858A561F237AFCF100624FB8 /* DataService.swift */ = {isa = PBXFileReference; lastKnownFileType = sourcecode.swift; path = DataService.swift; sourceTree = "<group>"; };
		858A5623237B1E3500624FB8 /* AddReservationVC.swift */ = {isa = PBXFileReference; lastKnownFileType = sourcecode.swift; path = AddReservationVC.swift; sourceTree = "<group>"; };
		85D18A1B236F040C00F06441 /* Jamwest Reservation.app */ = {isa = PBXFileReference; explicitFileType = wrapper.application; includeInIndex = 0; path = "Jamwest Reservation.app"; sourceTree = BUILT_PRODUCTS_DIR; };
		85D18A1E236F040C00F06441 /* AppDelegate.swift */ = {isa = PBXFileReference; lastKnownFileType = sourcecode.swift; path = AppDelegate.swift; sourceTree = "<group>"; };
		85D18A20236F040C00F06441 /* SceneDelegate.swift */ = {isa = PBXFileReference; lastKnownFileType = sourcecode.swift; path = SceneDelegate.swift; sourceTree = "<group>"; };
		85D18A27236F040D00F06441 /* Assets.xcassets */ = {isa = PBXFileReference; lastKnownFileType = folder.assetcatalog; path = Assets.xcassets; sourceTree = "<group>"; };
		85D18A2A236F040D00F06441 /* Base */ = {isa = PBXFileReference; lastKnownFileType = file.storyboard; name = Base; path = Base.lproj/LaunchScreen.storyboard; sourceTree = "<group>"; };
		85D18A2C236F040D00F06441 /* Info.plist */ = {isa = PBXFileReference; lastKnownFileType = text.plist.xml; path = Info.plist; sourceTree = "<group>"; };
		85D18A37236F05B900F06441 /* ContainerVC.swift */ = {isa = PBXFileReference; lastKnownFileType = sourcecode.swift; path = ContainerVC.swift; sourceTree = "<group>"; };
		85D18A39236F05C400F06441 /* HomeVC.swift */ = {isa = PBXFileReference; lastKnownFileType = sourcecode.swift; path = HomeVC.swift; sourceTree = "<group>"; };
		85D18A3B236F05CF00F06441 /* MenuVC.swift */ = {isa = PBXFileReference; lastKnownFileType = sourcecode.swift; path = MenuVC.swift; sourceTree = "<group>"; };
		85D18A3D236F165900F06441 /* Protocols.swift */ = {isa = PBXFileReference; lastKnownFileType = sourcecode.swift; path = Protocols.swift; sourceTree = "<group>"; };
		85D18A3F236F29A100F06441 /* MenuOptionCell.swift */ = {isa = PBXFileReference; lastKnownFileType = sourcecode.swift; path = MenuOptionCell.swift; sourceTree = "<group>"; };
		85D18A4123707ADD00F06441 /* MenuOption.swift */ = {isa = PBXFileReference; lastKnownFileType = sourcecode.swift; path = MenuOption.swift; sourceTree = "<group>"; };
		85D18A432371BAC700F06441 /* WaiverVC.swift */ = {isa = PBXFileReference; lastKnownFileType = sourcecode.swift; path = WaiverVC.swift; sourceTree = "<group>"; };
		85D18A472375B05700F06441 /* LoginVC.swift */ = {isa = PBXFileReference; lastKnownFileType = sourcecode.swift; path = LoginVC.swift; sourceTree = "<group>"; };
		85D18A492375B23700F06441 /* Extensions.swift */ = {isa = PBXFileReference; lastKnownFileType = sourcecode.swift; path = Extensions.swift; sourceTree = "<group>"; };
		85D18A4B2377049A00F06441 /* SignUpVC.swift */ = {isa = PBXFileReference; lastKnownFileType = sourcecode.swift; path = SignUpVC.swift; sourceTree = "<group>"; };
		85D18A4D2377107F00F06441 /* GoogleService-Info.plist */ = {isa = PBXFileReference; fileEncoding = 4; lastKnownFileType = text.plist.xml; path = "GoogleService-Info.plist"; sourceTree = "<group>"; };
		85F5C76323958F3600BDBA25 /* Alert.swift */ = {isa = PBXFileReference; lastKnownFileType = sourcecode.swift; path = Alert.swift; sourceTree = "<group>"; };
		85F932DB239BF3BB00549000 /* UIbuttonExt.swift */ = {isa = PBXFileReference; lastKnownFileType = sourcecode.swift; path = UIbuttonExt.swift; sourceTree = "<group>"; };
		85F932DD239BF3CA00549000 /* UIViewExt.swift */ = {isa = PBXFileReference; lastKnownFileType = sourcecode.swift; path = UIViewExt.swift; sourceTree = "<group>"; };
		85F932DF239BF3DF00549000 /* UITextfieldExt.swift */ = {isa = PBXFileReference; lastKnownFileType = sourcecode.swift; path = UITextfieldExt.swift; sourceTree = "<group>"; };
		85F932E1239BF45100549000 /* UIStackviewExt.swift */ = {isa = PBXFileReference; lastKnownFileType = sourcecode.swift; path = UIStackviewExt.swift; sourceTree = "<group>"; };
		85F932E3239BF47100549000 /* UIColorExt.swift */ = {isa = PBXFileReference; lastKnownFileType = sourcecode.swift; path = UIColorExt.swift; sourceTree = "<group>"; };
		85F932E5239BF4A600549000 /* ArrayExt.swift */ = {isa = PBXFileReference; lastKnownFileType = sourcecode.swift; path = ArrayExt.swift; sourceTree = "<group>"; };
		8FE97277E735E003B8403E3D /* Pods_Jamwest_Reservation.framework */ = {isa = PBXFileReference; explicitFileType = wrapper.framework; includeInIndex = 0; path = Pods_Jamwest_Reservation.framework; sourceTree = BUILT_PRODUCTS_DIR; };
		E3143BCD1E507C7F3115A718 /* Pods-Jamwest Reservation.debug.xcconfig */ = {isa = PBXFileReference; includeInIndex = 1; lastKnownFileType = text.xcconfig; name = "Pods-Jamwest Reservation.debug.xcconfig"; path = "Target Support Files/Pods-Jamwest Reservation/Pods-Jamwest Reservation.debug.xcconfig"; sourceTree = "<group>"; };
/* End PBXFileReference section */

/* Begin PBXFrameworksBuildPhase section */
		85D18A18236F040C00F06441 /* Frameworks */ = {
			isa = PBXFrameworksBuildPhase;
			buildActionMask = 2147483647;
			files = (
				9B0AAB812486455CFAED8C0B /* Pods_Jamwest_Reservation.framework in Frameworks */,
			);
			runOnlyForDeploymentPostprocessing = 0;
		};
/* End PBXFrameworksBuildPhase section */

/* Begin PBXGroup section */
		858A561E237AFCC300624FB8 /* Service */ = {
			isa = PBXGroup;
			children = (
				858A561F237AFCF100624FB8 /* DataService.swift */,
			);
			path = Service;
			sourceTree = "<group>";
		};
		85D18A12236F040C00F06441 = {
			isa = PBXGroup;
			children = (
				85D18A1D236F040C00F06441 /* Jamwest Reservation */,
				85D18A1C236F040C00F06441 /* Products */,
				CE5D35E303B6E30B480A1BB5 /* Pods */,
				DDD190556E8B1CB6870EB977 /* Frameworks */,
			);
			sourceTree = "<group>";
		};
		85D18A1C236F040C00F06441 /* Products */ = {
			isa = PBXGroup;
			children = (
				85D18A1B236F040C00F06441 /* Jamwest Reservation.app */,
			);
			name = Products;
			sourceTree = "<group>";
		};
		85D18A1D236F040C00F06441 /* Jamwest Reservation */ = {
			isa = PBXGroup;
			children = (
				85F932DA239BF37000549000 /* Extensions */,
				858A561E237AFCC300624FB8 /* Service */,
				85D18A36236F04ED00F06441 /* Utilities */,
				85D18A35236F04E900F06441 /* Model */,
				85D18A34236F04E600F06441 /* View */,
				85D18A32236F04CB00F06441 /* Controller */,
				85D18A1E236F040C00F06441 /* AppDelegate.swift */,
				85D18A20236F040C00F06441 /* SceneDelegate.swift */,
				85D18A27236F040D00F06441 /* Assets.xcassets */,
				85D18A4D2377107F00F06441 /* GoogleService-Info.plist */,
				85D18A29236F040D00F06441 /* LaunchScreen.storyboard */,
				85D18A2C236F040D00F06441 /* Info.plist */,
			);
			path = "Jamwest Reservation";
			sourceTree = "<group>";
		};
		85D18A32236F04CB00F06441 /* Controller */ = {
			isa = PBXGroup;
			children = (
				85D18A37236F05B900F06441 /* ContainerVC.swift */,
				85D18A39236F05C400F06441 /* HomeVC.swift */,
				85D18A3B236F05CF00F06441 /* MenuVC.swift */,
				85D18A432371BAC700F06441 /* WaiverVC.swift */,
				85D18A472375B05700F06441 /* LoginVC.swift */,
				85D18A4B2377049A00F06441 /* SignUpVC.swift */,
				858A5623237B1E3500624FB8 /* AddReservationVC.swift */,
				8569B9DF2391AAD2004707A2 /* ToursSelectionVC.swift */,
			);
			path = Controller;
			sourceTree = "<group>";
		};
		85D18A34236F04E600F06441 /* View */ = {
			isa = PBXGroup;
			children = (
				85D18A3F236F29A100F06441 /* MenuOptionCell.swift */,
				850380762380330200E14BB3 /* CustomTextfield.swift */,
			);
			path = View;
			sourceTree = "<group>";
		};
		85D18A35236F04E900F06441 /* Model */ = {
			isa = PBXGroup;
			children = (
				85D18A4123707ADD00F06441 /* MenuOption.swift */,
				85F5C76323958F3600BDBA25 /* Alert.swift */,
			);
			path = Model;
			sourceTree = "<group>";
		};
		85D18A36236F04ED00F06441 /* Utilities */ = {
			isa = PBXGroup;
			children = (
				85D18A3D236F165900F06441 /* Protocols.swift */,
				850380782381A37F00E14BB3 /* Constants.swift */,
			);
			path = Utilities;
			sourceTree = "<group>";
		};
		85F932DA239BF37000549000 /* Extensions */ = {
			isa = PBXGroup;
			children = (
				85D18A492375B23700F06441 /* Extensions.swift */,
				85F932E5239BF4A600549000 /* ArrayExt.swift */,
				85F932E3239BF47100549000 /* UIColorExt.swift */,
				85F932E1239BF45100549000 /* UIStackviewExt.swift */,
				85F932DF239BF3DF00549000 /* UITextfieldExt.swift */,
				85F932DD239BF3CA00549000 /* UIViewExt.swift */,
				85F932DB239BF3BB00549000 /* UIbuttonExt.swift */,
			);
			path = Extensions;
			sourceTree = "<group>";
		};
		CE5D35E303B6E30B480A1BB5 /* Pods */ = {
			isa = PBXGroup;
			children = (
				E3143BCD1E507C7F3115A718 /* Pods-Jamwest Reservation.debug.xcconfig */,
				30254A40F3AF3A74412A7DFC /* Pods-Jamwest Reservation.release.xcconfig */,
			);
			path = Pods;
			sourceTree = "<group>";
		};
		DDD190556E8B1CB6870EB977 /* Frameworks */ = {
			isa = PBXGroup;
			children = (
				8FE97277E735E003B8403E3D /* Pods_Jamwest_Reservation.framework */,
			);
			name = Frameworks;
			sourceTree = "<group>";
		};
/* End PBXGroup section */

/* Begin PBXNativeTarget section */
		85D18A1A236F040C00F06441 /* Jamwest Reservation */ = {
			isa = PBXNativeTarget;
			buildConfigurationList = 85D18A2F236F040D00F06441 /* Build configuration list for PBXNativeTarget "Jamwest Reservation" */;
			buildPhases = (
				232E268875710E10A5C7D789 /* [CP] Check Pods Manifest.lock */,
				85D18A17236F040C00F06441 /* Sources */,
				85D18A18236F040C00F06441 /* Frameworks */,
				85D18A19236F040C00F06441 /* Resources */,
				AF60CF714D68F68DD786DC51 /* [CP] Embed Pods Frameworks */,
			);
			buildRules = (
			);
			dependencies = (
			);
			name = "Jamwest Reservation";
			productName = "Jamwest Reservation";
			productReference = 85D18A1B236F040C00F06441 /* Jamwest Reservation.app */;
			productType = "com.apple.product-type.application";
		};
/* End PBXNativeTarget section */

/* Begin PBXProject section */
		85D18A13236F040C00F06441 /* Project object */ = {
			isa = PBXProject;
			attributes = {
				LastSwiftUpdateCheck = 1110;
				LastUpgradeCheck = 1110;
				ORGANIZATIONNAME = "Shannon Robinson";
				TargetAttributes = {
					85D18A1A236F040C00F06441 = {
						CreatedOnToolsVersion = 11.1;
					};
				};
			};
			buildConfigurationList = 85D18A16236F040C00F06441 /* Build configuration list for PBXProject "Jamwest Reservation" */;
			compatibilityVersion = "Xcode 9.3";
			developmentRegion = en;
			hasScannedForEncodings = 0;
			knownRegions = (
				en,
				Base,
			);
			mainGroup = 85D18A12236F040C00F06441;
			productRefGroup = 85D18A1C236F040C00F06441 /* Products */;
			projectDirPath = "";
			projectRoot = "";
			targets = (
				85D18A1A236F040C00F06441 /* Jamwest Reservation */,
			);
		};
/* End PBXProject section */

/* Begin PBXResourcesBuildPhase section */
		85D18A19236F040C00F06441 /* Resources */ = {
			isa = PBXResourcesBuildPhase;
			buildActionMask = 2147483647;
			files = (
				85D18A2B236F040D00F06441 /* LaunchScreen.storyboard in Resources */,
				85D18A28236F040D00F06441 /* Assets.xcassets in Resources */,
				85D18A4E2377107F00F06441 /* GoogleService-Info.plist in Resources */,
			);
			runOnlyForDeploymentPostprocessing = 0;
		};
/* End PBXResourcesBuildPhase section */

/* Begin PBXShellScriptBuildPhase section */
		232E268875710E10A5C7D789 /* [CP] Check Pods Manifest.lock */ = {
			isa = PBXShellScriptBuildPhase;
			buildActionMask = 2147483647;
			files = (
			);
			inputFileListPaths = (
			);
			inputPaths = (
				"${PODS_PODFILE_DIR_PATH}/Podfile.lock",
				"${PODS_ROOT}/Manifest.lock",
			);
			name = "[CP] Check Pods Manifest.lock";
			outputFileListPaths = (
			);
			outputPaths = (
				"$(DERIVED_FILE_DIR)/Pods-Jamwest Reservation-checkManifestLockResult.txt",
			);
			runOnlyForDeploymentPostprocessing = 0;
			shellPath = /bin/sh;
			shellScript = "diff \"${PODS_PODFILE_DIR_PATH}/Podfile.lock\" \"${PODS_ROOT}/Manifest.lock\" > /dev/null\nif [ $? != 0 ] ; then\n    # print error to STDERR\n    echo \"error: The sandbox is not in sync with the Podfile.lock. Run 'pod install' or update your CocoaPods installation.\" >&2\n    exit 1\nfi\n# This output is used by Xcode 'outputs' to avoid re-running this script phase.\necho \"SUCCESS\" > \"${SCRIPT_OUTPUT_FILE_0}\"\n";
			showEnvVarsInLog = 0;
		};
		AF60CF714D68F68DD786DC51 /* [CP] Embed Pods Frameworks */ = {
			isa = PBXShellScriptBuildPhase;
			buildActionMask = 2147483647;
			files = (
			);
			inputFileListPaths = (
			);
			inputPaths = (
				"${PODS_ROOT}/Target Support Files/Pods-Jamwest Reservation/Pods-Jamwest Reservation-frameworks.sh",
				"${BUILT_PRODUCTS_DIR}/GTMSessionFetcher/GTMSessionFetcher.framework",
				"${BUILT_PRODUCTS_DIR}/GoogleUtilities/GoogleUtilities.framework",
				"${BUILT_PRODUCTS_DIR}/leveldb-library/leveldb.framework",
			);
			name = "[CP] Embed Pods Frameworks";
			outputFileListPaths = (
			);
			outputPaths = (
				"${TARGET_BUILD_DIR}/${FRAMEWORKS_FOLDER_PATH}/GTMSessionFetcher.framework",
				"${TARGET_BUILD_DIR}/${FRAMEWORKS_FOLDER_PATH}/GoogleUtilities.framework",
				"${TARGET_BUILD_DIR}/${FRAMEWORKS_FOLDER_PATH}/leveldb.framework",
			);
			runOnlyForDeploymentPostprocessing = 0;
			shellPath = /bin/sh;
			shellScript = "\"${PODS_ROOT}/Target Support Files/Pods-Jamwest Reservation/Pods-Jamwest Reservation-frameworks.sh\"\n";
			showEnvVarsInLog = 0;
		};
/* End PBXShellScriptBuildPhase section */

/* Begin PBXSourcesBuildPhase section */
		85D18A17236F040C00F06441 /* Sources */ = {
			isa = PBXSourcesBuildPhase;
			buildActionMask = 2147483647;
			files = (
				85F932E0239BF3DF00549000 /* UITextfieldExt.swift in Sources */,
				85F5C76423958F3600BDBA25 /* Alert.swift in Sources */,
				85D18A40236F29A100F06441 /* MenuOptionCell.swift in Sources */,
				85F932E2239BF45100549000 /* UIStackviewExt.swift in Sources */,
				858A5620237AFCF100624FB8 /* DataService.swift in Sources */,
				85D18A4223707ADD00F06441 /* MenuOption.swift in Sources */,
				85D18A38236F05B900F06441 /* ContainerVC.swift in Sources */,
				85D18A3A236F05C400F06441 /* HomeVC.swift in Sources */,
				850380772380330200E14BB3 /* CustomTextfield.swift in Sources */,
				85F932E4239BF47100549000 /* UIColorExt.swift in Sources */,
				8569B9E02391AAD2004707A2 /* ToursSelectionVC.swift in Sources */,
				85D18A4C2377049A00F06441 /* SignUpVC.swift in Sources */,
				850380792381A37F00E14BB3 /* Constants.swift in Sources */,
				85D18A482375B05700F06441 /* LoginVC.swift in Sources */,
				85D18A1F236F040C00F06441 /* AppDelegate.swift in Sources */,
				85F932DE239BF3CA00549000 /* UIViewExt.swift in Sources */,
				85D18A3E236F165900F06441 /* Protocols.swift in Sources */,
				85F932E6239BF4A600549000 /* ArrayExt.swift in Sources */,
				85D18A21236F040C00F06441 /* SceneDelegate.swift in Sources */,
				85D18A3C236F05CF00F06441 /* MenuVC.swift in Sources */,
				858A5624237B1E3500624FB8 /* AddReservationVC.swift in Sources */,
				85D18A4A2375B23700F06441 /* Extensions.swift in Sources */,
				85F932DC239BF3BB00549000 /* UIbuttonExt.swift in Sources */,
				85D18A442371BAC700F06441 /* WaiverVC.swift in Sources */,
			);
			runOnlyForDeploymentPostprocessing = 0;
		};
/* End PBXSourcesBuildPhase section */

/* Begin PBXVariantGroup section */
		85D18A29236F040D00F06441 /* LaunchScreen.storyboard */ = {
			isa = PBXVariantGroup;
			children = (
				85D18A2A236F040D00F06441 /* Base */,
			);
			name = LaunchScreen.storyboard;
			sourceTree = "<group>";
		};
/* End PBXVariantGroup section */

/* Begin XCBuildConfiguration section */
		85D18A2D236F040D00F06441 /* Debug */ = {
			isa = XCBuildConfiguration;
			buildSettings = {
				ALWAYS_SEARCH_USER_PATHS = NO;
				CLANG_ANALYZER_NONNULL = YES;
				CLANG_ANALYZER_NUMBER_OBJECT_CONVERSION = YES_AGGRESSIVE;
				CLANG_CXX_LANGUAGE_STANDARD = "gnu++14";
				CLANG_CXX_LIBRARY = "libc++";
				CLANG_ENABLE_MODULES = YES;
				CLANG_ENABLE_OBJC_ARC = YES;
				CLANG_ENABLE_OBJC_WEAK = YES;
				CLANG_WARN_BLOCK_CAPTURE_AUTORELEASING = YES;
				CLANG_WARN_BOOL_CONVERSION = YES;
				CLANG_WARN_COMMA = YES;
				CLANG_WARN_CONSTANT_CONVERSION = YES;
				CLANG_WARN_DEPRECATED_OBJC_IMPLEMENTATIONS = YES;
				CLANG_WARN_DIRECT_OBJC_ISA_USAGE = YES_ERROR;
				CLANG_WARN_DOCUMENTATION_COMMENTS = YES;
				CLANG_WARN_EMPTY_BODY = YES;
				CLANG_WARN_ENUM_CONVERSION = YES;
				CLANG_WARN_INFINITE_RECURSION = YES;
				CLANG_WARN_INT_CONVERSION = YES;
				CLANG_WARN_NON_LITERAL_NULL_CONVERSION = YES;
				CLANG_WARN_OBJC_IMPLICIT_RETAIN_SELF = YES;
				CLANG_WARN_OBJC_LITERAL_CONVERSION = YES;
				CLANG_WARN_OBJC_ROOT_CLASS = YES_ERROR;
				CLANG_WARN_RANGE_LOOP_ANALYSIS = YES;
				CLANG_WARN_STRICT_PROTOTYPES = YES;
				CLANG_WARN_SUSPICIOUS_MOVE = YES;
				CLANG_WARN_UNGUARDED_AVAILABILITY = YES_AGGRESSIVE;
				CLANG_WARN_UNREACHABLE_CODE = YES;
				CLANG_WARN__DUPLICATE_METHOD_MATCH = YES;
				COPY_PHASE_STRIP = NO;
				DEBUG_INFORMATION_FORMAT = dwarf;
				ENABLE_STRICT_OBJC_MSGSEND = YES;
				ENABLE_TESTABILITY = YES;
				GCC_C_LANGUAGE_STANDARD = gnu11;
				GCC_DYNAMIC_NO_PIC = NO;
				GCC_NO_COMMON_BLOCKS = YES;
				GCC_OPTIMIZATION_LEVEL = 0;
				GCC_PREPROCESSOR_DEFINITIONS = (
					"DEBUG=1",
					"$(inherited)",
				);
				GCC_WARN_64_TO_32_BIT_CONVERSION = YES;
				GCC_WARN_ABOUT_RETURN_TYPE = YES_ERROR;
				GCC_WARN_UNDECLARED_SELECTOR = YES;
				GCC_WARN_UNINITIALIZED_AUTOS = YES_AGGRESSIVE;
				GCC_WARN_UNUSED_FUNCTION = YES;
				GCC_WARN_UNUSED_VARIABLE = YES;
				IPHONEOS_DEPLOYMENT_TARGET = 13.1;
				MTL_ENABLE_DEBUG_INFO = INCLUDE_SOURCE;
				MTL_FAST_MATH = YES;
				ONLY_ACTIVE_ARCH = YES;
				SDKROOT = iphoneos;
				SWIFT_ACTIVE_COMPILATION_CONDITIONS = DEBUG;
				SWIFT_OPTIMIZATION_LEVEL = "-Onone";
			};
			name = Debug;
		};
		85D18A2E236F040D00F06441 /* Release */ = {
			isa = XCBuildConfiguration;
			buildSettings = {
				ALWAYS_SEARCH_USER_PATHS = NO;
				CLANG_ANALYZER_NONNULL = YES;
				CLANG_ANALYZER_NUMBER_OBJECT_CONVERSION = YES_AGGRESSIVE;
				CLANG_CXX_LANGUAGE_STANDARD = "gnu++14";
				CLANG_CXX_LIBRARY = "libc++";
				CLANG_ENABLE_MODULES = YES;
				CLANG_ENABLE_OBJC_ARC = YES;
				CLANG_ENABLE_OBJC_WEAK = YES;
				CLANG_WARN_BLOCK_CAPTURE_AUTORELEASING = YES;
				CLANG_WARN_BOOL_CONVERSION = YES;
				CLANG_WARN_COMMA = YES;
				CLANG_WARN_CONSTANT_CONVERSION = YES;
				CLANG_WARN_DEPRECATED_OBJC_IMPLEMENTATIONS = YES;
				CLANG_WARN_DIRECT_OBJC_ISA_USAGE = YES_ERROR;
				CLANG_WARN_DOCUMENTATION_COMMENTS = YES;
				CLANG_WARN_EMPTY_BODY = YES;
				CLANG_WARN_ENUM_CONVERSION = YES;
				CLANG_WARN_INFINITE_RECURSION = YES;
				CLANG_WARN_INT_CONVERSION = YES;
				CLANG_WARN_NON_LITERAL_NULL_CONVERSION = YES;
				CLANG_WARN_OBJC_IMPLICIT_RETAIN_SELF = YES;
				CLANG_WARN_OBJC_LITERAL_CONVERSION = YES;
				CLANG_WARN_OBJC_ROOT_CLASS = YES_ERROR;
				CLANG_WARN_RANGE_LOOP_ANALYSIS = YES;
				CLANG_WARN_STRICT_PROTOTYPES = YES;
				CLANG_WARN_SUSPICIOUS_MOVE = YES;
				CLANG_WARN_UNGUARDED_AVAILABILITY = YES_AGGRESSIVE;
				CLANG_WARN_UNREACHABLE_CODE = YES;
				CLANG_WARN__DUPLICATE_METHOD_MATCH = YES;
				COPY_PHASE_STRIP = NO;
				DEBUG_INFORMATION_FORMAT = "dwarf-with-dsym";
				ENABLE_NS_ASSERTIONS = NO;
				ENABLE_STRICT_OBJC_MSGSEND = YES;
				GCC_C_LANGUAGE_STANDARD = gnu11;
				GCC_NO_COMMON_BLOCKS = YES;
				GCC_WARN_64_TO_32_BIT_CONVERSION = YES;
				GCC_WARN_ABOUT_RETURN_TYPE = YES_ERROR;
				GCC_WARN_UNDECLARED_SELECTOR = YES;
				GCC_WARN_UNINITIALIZED_AUTOS = YES_AGGRESSIVE;
				GCC_WARN_UNUSED_FUNCTION = YES;
				GCC_WARN_UNUSED_VARIABLE = YES;
				IPHONEOS_DEPLOYMENT_TARGET = 13.1;
				MTL_ENABLE_DEBUG_INFO = NO;
				MTL_FAST_MATH = YES;
				SDKROOT = iphoneos;
				SWIFT_COMPILATION_MODE = wholemodule;
				SWIFT_OPTIMIZATION_LEVEL = "-O";
				VALIDATE_PRODUCT = YES;
			};
			name = Release;
		};
		85D18A30236F040D00F06441 /* Debug */ = {
			isa = XCBuildConfiguration;
			baseConfigurationReference = E3143BCD1E507C7F3115A718 /* Pods-Jamwest Reservation.debug.xcconfig */;
			buildSettings = {
				ASSETCATALOG_COMPILER_APPICON_NAME = AppIcon;
				CODE_SIGN_STYLE = Automatic;
				DEVELOPMENT_TEAM = 7FPK47B6M5;
				INFOPLIST_FILE = "Jamwest Reservation/Info.plist";
				LD_RUNPATH_SEARCH_PATHS = (
					"$(inherited)",
					"@executable_path/Frameworks",
				);
				PRODUCT_BUNDLE_IDENTIFIER = "Wurllink.Jamwest-Reservation";
				PRODUCT_NAME = "$(TARGET_NAME)";
				SWIFT_VERSION = 5.0;
				TARGETED_DEVICE_FAMILY = 2;
			};
			name = Debug;
		};
		85D18A31236F040D00F06441 /* Release */ = {
			isa = XCBuildConfiguration;
			baseConfigurationReference = 30254A40F3AF3A74412A7DFC /* Pods-Jamwest Reservation.release.xcconfig */;
			buildSettings = {
				ASSETCATALOG_COMPILER_APPICON_NAME = AppIcon;
				CODE_SIGN_STYLE = Automatic;
				DEVELOPMENT_TEAM = 7FPK47B6M5;
				INFOPLIST_FILE = "Jamwest Reservation/Info.plist";
				LD_RUNPATH_SEARCH_PATHS = (
					"$(inherited)",
					"@executable_path/Frameworks",
				);
				PRODUCT_BUNDLE_IDENTIFIER = "Wurllink.Jamwest-Reservation";
				PRODUCT_NAME = "$(TARGET_NAME)";
				SWIFT_VERSION = 5.0;
				TARGETED_DEVICE_FAMILY = 2;
			};
			name = Release;
		};
/* End XCBuildConfiguration section */

/* Begin XCConfigurationList section */
		85D18A16236F040C00F06441 /* Build configuration list for PBXProject "Jamwest Reservation" */ = {
			isa = XCConfigurationList;
			buildConfigurations = (
				85D18A2D236F040D00F06441 /* Debug */,
				85D18A2E236F040D00F06441 /* Release */,
			);
			defaultConfigurationIsVisible = 0;
			defaultConfigurationName = Release;
		};
		85D18A2F236F040D00F06441 /* Build configuration list for PBXNativeTarget "Jamwest Reservation" */ = {
			isa = XCConfigurationList;
			buildConfigurations = (
				85D18A30236F040D00F06441 /* Debug */,
				85D18A31236F040D00F06441 /* Release */,
			);
			defaultConfigurationIsVisible = 0;
			defaultConfigurationName = Release;
		};
/* End XCConfigurationList section */
	};
	rootObject = 85D18A13236F040C00F06441 /* Project object */;
}
